{
  "name": "glitch-js",
  "version": "0.1.0",
  "lockfileVersion": 1,
  "requires": true,
  "dependencies": {
    "share-this": {
      "version": "1.2.2",
      "resolved": "https://registry.npmjs.org/share-this/-/share-this-1.2.2.tgz",
      "integrity": "sha512-yfaoZyWFYo+kuPTV+geoOVuG7XVgChB5SfoTzBHl4Yk2EZ2yjb7038P5s46GNGTdWh6tKm7p+SnKYI394mufUg=="
    }
  }
}
